dependencies:
- name: compose-post-service
  repository: ""
  version: 0.1.0
- name: home-timeline-redis
  repository: ""
  version: 0.1.0
- name: home-timeline-service
  repository: ""
  version: 0.1.0
- name: jaeger
  repository: ""
  version: 0.1.0
- name: media-service
  repository: ""
  version: 0.1.0
- name: media-mongodb
  repository: ""
  version: 0.1.0
- name: media-memcached
  repository: ""
  version: 0.1.0
- name: media-frontend
  repository: ""
  version: 0.1.0
- name: nginx-thrift
  repository: ""
  version: 0.1.0
- name: post-storage-memcached
  repository: ""
  version: 0.1.0
- name: post-storage-mongodb
  repository: ""
  version: 0.1.0
- name: post-storage-service
  repository: ""
  version: 0.1.0
- name: social-graph-mongodb
  repository: ""
  version: 0.1.0
- name: social-graph-redis
  repository: ""
  version: 0.1.0
- name: social-graph-service
  repository: ""
  version: 0.1.0
- name: text-service
  repository: ""
  version: 0.1.0
- name: unique-id-service
  repository: ""
  version: 0.1.0
- name: url-shorten-memcached
  repository: ""
  version: 0.1.0
- name: url-shorten-mongodb
  repository: ""
  version: 0.1.0
- name: url-shorten-service
  repository: ""
  version: 0.1.0
- name: user-memcached
  repository: ""
  version: 0.1.0
- name: user-mention-service
  repository: ""
  version: 0.1.0
- name: user-mongodb
  repository: ""
  version: 0.1.0
- name: user-service
  repository: ""
  version: 0.1.0
- name: user-timeline-mongodb
  repository: ""
  version: 0.1.0
- name: user-timeline-redis
  repository: ""
  version: 0.1.0
- name: user-timeline-service
  repository: ""
  version: 0.1.0
- name: mongodb-sharded
  repository: https://charts.bitnami.com/bitnami
  version: 4.0.11
- name: mcrouter
  repository: https://evryfs.github.io/helm-charts/
  version: 0.3.0
digest: sha256:01cb0d70dc3ed6f3f5ff3ae0b8970816bebaf1996c8ee4e78226dc3a7cd291c6
generated: "2022-06-20T14:30:19.649221+02:00"
