dependencies:
- name: compose-post-service
  repository: ""
  version: 0.1.0
- name: home-timeline-redis
  repository: ""
  version: 0.1.0
- name: home-timeline-service
  repository: ""
  version: 0.1.0
- name: jaeger
  repository: ""
  version: 0.1.0
- name: media-service
  repository: ""
  version: 0.1.0
- name: media-mongodb
  repository: ""
  version: 0.1.0
- name: media-memcached
  repository: ""
  version: 0.1.0
- name: media-frontend
  repository: ""
  version: 0.1.0
- name: nginx-thrift
  repository: ""
  version: 0.1.0
- name: post-storage-memcached
  repository: ""
  version: 0.1.0
- name: post-storage-mongodb
  repository: ""
  version: 0.1.0
- name: post-storage-service
  repository: ""
  version: 0.1.0
- name: social-graph-mongodb
  repository: ""
  version: 0.1.0
- name: social-graph-redis
  repository: ""
  version: 0.1.0
- name: social-graph-service
  repository: ""
  version: 0.1.0
- name: text-service
  repository: ""
  version: 0.1.0
- name: unique-id-service
  repository: ""
  version: 0.1.0
- name: url-shorten-memcached
  repository: ""
  version: 0.1.0
- name: url-shorten-mongodb
  repository: ""
  version: 0.1.0
- name: url-shorten-service
  repository: ""
  version: 0.1.0
- name: user-memcached
  repository: ""
  version: 0.1.0
- name: user-mention-service
  repository: ""
  version: 0.1.0
- name: user-mongodb
  repository: ""
  version: 0.1.0
- name: user-service
  repository: ""
  version: 0.1.0
- name: user-timeline-mongodb
  repository: ""
  version: 0.1.0
- name: user-timeline-redis
  repository: ""
  version: 0.1.0
- name: user-timeline-service
  repository: ""
  version: 0.1.0
- name: mongodb-sharded
  repository: https://charts.bitnami.com/bitnami
  version: 6.0.1
- name: mcrouter
  repository: https://evryfs.github.io/helm-charts/
  version: 0.3.0
- name: redis-cluster
  repository: https://charts.bitnami.com/bitnami
  version: 8.1.4
- name: redis
  repository: https://charts.bitnami.com/bitnami
  version: 17.3.7
digest: sha256:ae28f9578ffe74dc4b53bb0acd57c6e2e69c55f1118ed446e16ceb8a98ace498
generated: "2023-01-17T14:10:40.338928+01:00"
